// !$*UTF8*$!
{
	archiveVersion = 1;
	classes = {
	};
	objectVersion = 46;
	objects = {

/* Begin PBXBuildFile section */
		368C952AE0BE0B4F4E80188D /* Pods_KeMana.framework in Frameworks */ = {isa = PBXBuildFile; fileRef = 585262B03E9A2AA9ABA2A2BD /* Pods_KeMana.framework */; settings = {ATTRIBUTES = (Weak, ); }; };
		AC3B93861B8E249800F75A6D /* NaviViewController.swift in Sources */ = {isa = PBXBuildFile; fileRef = AC3B93851B8E249800F75A6D /* NaviViewController.swift */; };
		AC3B93881B8E24A300F75A6D /* NaviResultViewController.swift in Sources */ = {isa = PBXBuildFile; fileRef = AC3B93871B8E24A300F75A6D /* NaviResultViewController.swift */; };
		AC3B938A1B8E25A900F75A6D /* JSONMappable.swift in Sources */ = {isa = PBXBuildFile; fileRef = AC3B93891B8E25A900F75A6D /* JSONMappable.swift */; };
		AC67CF031B8DC863001347ED /* AppDelegate.swift in Sources */ = {isa = PBXBuildFile; fileRef = AC67CF021B8DC863001347ED /* AppDelegate.swift */; };
		AC67CF061B8DC864001347ED /* KeMana.xcdatamodeld in Sources */ = {isa = PBXBuildFile; fileRef = AC67CF041B8DC864001347ED /* KeMana.xcdatamodeld */; };
		AC67CF081B8DC864001347ED /* ViewController.swift in Sources */ = {isa = PBXBuildFile; fileRef = AC67CF071B8DC864001347ED /* ViewController.swift */; };
		AC67CF0B1B8DC864001347ED /* Main.storyboard in Resources */ = {isa = PBXBuildFile; fileRef = AC67CF091B8DC864001347ED /* Main.storyboard */; };
		AC67CF0D1B8DC864001347ED /* Images.xcassets in Resources */ = {isa = PBXBuildFile; fileRef = AC67CF0C1B8DC864001347ED /* Images.xcassets */; };
		AC67CF101B8DC864001347ED /* LaunchScreen.xib in Resources */ = {isa = PBXBuildFile; fileRef = AC67CF0E1B8DC864001347ED /* LaunchScreen.xib */; };
		AC67CF1C1B8DC864001347ED /* KeManaTests.swift in Sources */ = {isa = PBXBuildFile; fileRef = AC67CF1B1B8DC864001347ED /* KeManaTests.swift */; };
/* End PBXBuildFile section */

/* Begin PBXContainerItemProxy section */
		AC67CF161B8DC864001347ED /* PBXContainerItemProxy */ = {
			isa = PBXContainerItemProxy;
			containerPortal = AC67CEF51B8DC863001347ED /* Project object */;
			proxyType = 1;
			remoteGlobalIDString = AC67CEFC1B8DC863001347ED;
			remoteInfo = KeMana;
		};
/* End PBXContainerItemProxy section */

/* Begin PBXFileReference section */
		585262B03E9A2AA9ABA2A2BD /* Pods_KeMana.framework */ = {isa = PBXFileReference; explicitFileType = wrapper.framework; includeInIndex = 0; path = Pods_KeMana.framework; sourceTree = BUILT_PRODUCTS_DIR; };
		7A8E21B3EDD54B0C30F929E4 /* Pods-KeMana.debug.xcconfig */ = {isa = PBXFileReference; includeInIndex = 1; lastKnownFileType = text.xcconfig; name = "Pods-KeMana.debug.xcconfig"; path = "Pods/Target Support Files/Pods-KeMana/Pods-KeMana.debug.xcconfig"; sourceTree = "<group>"; };
		955DF0192547EE3B6FA61EA6 /* Pods-KeMana.release.xcconfig */ = {isa = PBXFileReference; includeInIndex = 1; lastKnownFileType = text.xcconfig; name = "Pods-KeMana.release.xcconfig"; path = "Pods/Target Support Files/Pods-KeMana/Pods-KeMana.release.xcconfig"; sourceTree = "<group>"; };
		AC3B93851B8E249800F75A6D /* NaviViewController.swift */ = {isa = PBXFileReference; fileEncoding = 4; lastKnownFileType = sourcecode.swift; path = NaviViewController.swift; sourceTree = "<group>"; };
		AC3B93871B8E24A300F75A6D /* NaviResultViewController.swift */ = {isa = PBXFileReference; fileEncoding = 4; lastKnownFileType = sourcecode.swift; path = NaviResultViewController.swift; sourceTree = "<group>"; };
		AC3B93891B8E25A900F75A6D /* JSONMappable.swift */ = {isa = PBXFileReference; fileEncoding = 4; lastKnownFileType = sourcecode.swift; path = JSONMappable.swift; sourceTree = "<group>"; };
		AC67CEFD1B8DC863001347ED /* KeMana.app */ = {isa = PBXFileReference; explicitFileType = wrapper.application; includeInIndex = 0; path = KeMana.app; sourceTree = BUILT_PRODUCTS_DIR; };
		AC67CF011B8DC863001347ED /* Info.plist */ = {isa = PBXFileReference; lastKnownFileType = text.plist.xml; path = Info.plist; sourceTree = "<group>"; };
		AC67CF021B8DC863001347ED /* AppDelegate.swift */ = {isa = PBXFileReference; lastKnownFileType = sourcecode.swift; path = AppDelegate.swift; sourceTree = "<group>"; };
		AC67CF051B8DC864001347ED /* KeMana.xcdatamodel */ = {isa = PBXFileReference; lastKnownFileType = wrapper.xcdatamodel; path = KeMana.xcdatamodel; sourceTree = "<group>"; };
		AC67CF071B8DC864001347ED /* ViewController.swift */ = {isa = PBXFileReference; lastKnownFileType = sourcecode.swift; path = ViewController.swift; sourceTree = "<group>"; };
		AC67CF0A1B8DC864001347ED /* Base */ = {isa = PBXFileReference; lastKnownFileType = file.storyboard; name = Base; path = Base.lproj/Main.storyboard; sourceTree = "<group>"; };
		AC67CF0C1B8DC864001347ED /* Images.xcassets */ = {isa = PBXFileReference; lastKnownFileType = folder.assetcatalog; path = Images.xcassets; sourceTree = "<group>"; };
		AC67CF0F1B8DC864001347ED /* Base */ = {isa = PBXFileReference; lastKnownFileType = file.xib; name = Base; path = Base.lproj/LaunchScreen.xib; sourceTree = "<group>"; };
		AC67CF151B8DC864001347ED /* KeManaTests.xctest */ = {isa = PBXFileReference; explicitFileType = wrapper.cfbundle; includeInIndex = 0; path = KeManaTests.xctest; sourceTree = BUILT_PRODUCTS_DIR; };
		AC67CF1A1B8DC864001347ED /* Info.plist */ = {isa = PBXFileReference; lastKnownFileType = text.plist.xml; path = Info.plist; sourceTree = "<group>"; };
		AC67CF1B1B8DC864001347ED /* KeManaTests.swift */ = {isa = PBXFileReference; lastKnownFileType = sourcecode.swift; path = KeManaTests.swift; sourceTree = "<group>"; };
/* End PBXFileReference section */

/* Begin PBXFrameworksBuildPhase section */
		AC67CEFA1B8DC863001347ED /* Frameworks */ = {
			isa = PBXFrameworksBuildPhase;
			buildActionMask = 2147483647;
			files = (
				368C952AE0BE0B4F4E80188D /* Pods_KeMana.framework in Frameworks */,
			);
			runOnlyForDeploymentPostprocessing = 0;
		};
		AC67CF121B8DC864001347ED /* Frameworks */ = {
			isa = PBXFrameworksBuildPhase;
			buildActionMask = 2147483647;
			files = (
			);
			runOnlyForDeploymentPostprocessing = 0;
		};
/* End PBXFrameworksBuildPhase section */

/* Begin PBXGroup section */
		A16A93FC5609A7C83D584AF3 /* Pods */ = {
			isa = PBXGroup;
			children = (
				7A8E21B3EDD54B0C30F929E4 /* Pods-KeMana.debug.xcconfig */,
				955DF0192547EE3B6FA61EA6 /* Pods-KeMana.release.xcconfig */,
			);
			name = Pods;
			sourceTree = "<group>";
		};
		AC67CEF41B8DC863001347ED = {
			isa = PBXGroup;
			children = (
				AC67CEFF1B8DC863001347ED /* KeMana */,
				AC67CF181B8DC864001347ED /* KeManaTests */,
				AC67CEFE1B8DC863001347ED /* Products */,
				A16A93FC5609A7C83D584AF3 /* Pods */,
				D4F3544C13871A6428BD4119 /* Frameworks */,
			);
			sourceTree = "<group>";
		};
		AC67CEFE1B8DC863001347ED /* Products */ = {
			isa = PBXGroup;
			children = (
				AC67CEFD1B8DC863001347ED /* KeMana.app */,
				AC67CF151B8DC864001347ED /* KeManaTests.xctest */,
			);
			name = Products;
			sourceTree = "<group>";
		};
		AC67CEFF1B8DC863001347ED /* KeMana */ = {
			isa = PBXGroup;
			children = (
				AC67CF021B8DC863001347ED /* AppDelegate.swift */,
				AC67CF071B8DC864001347ED /* ViewController.swift */,
				AC3B93851B8E249800F75A6D /* NaviViewController.swift */,
				AC3B93871B8E24A300F75A6D /* NaviResultViewController.swift */,
				AC67CF091B8DC864001347ED /* Main.storyboard */,
				AC67CF0C1B8DC864001347ED /* Images.xcassets */,
				AC67CF0E1B8DC864001347ED /* LaunchScreen.xib */,
				AC67CF041B8DC864001347ED /* KeMana.xcdatamodeld */,
				AC67CF001B8DC863001347ED /* Supporting Files */,
			);
			path = KeMana;
			sourceTree = "<group>";
		};
		AC67CF001B8DC863001347ED /* Supporting Files */ = {
			isa = PBXGroup;
			children = (
				AC67CF011B8DC863001347ED /* Info.plist */,
				AC3B93891B8E25A900F75A6D /* JSONMappable.swift */,
			);
			name = "Supporting Files";
			sourceTree = "<group>";
		};
		AC67CF181B8DC864001347ED /* KeManaTests */ = {
			isa = PBXGroup;
			children = (
				AC67CF1B1B8DC864001347ED /* KeManaTests.swift */,
				AC67CF191B8DC864001347ED /* Supporting Files */,
			);
			path = KeManaTests;
			sourceTree = "<group>";
		};
		AC67CF191B8DC864001347ED /* Supporting Files */ = {
			isa = PBXGroup;
			children = (
				AC67CF1A1B8DC864001347ED /* Info.plist */,
			);
			name = "Supporting Files";
			sourceTree = "<group>";
		};
		D4F3544C13871A6428BD4119 /* Frameworks */ = {
			isa = PBXGroup;
			children = (
				585262B03E9A2AA9ABA2A2BD /* Pods_KeMana.framework */,
			);
			name = Frameworks;
			sourceTree = "<group>";
		};
/* End PBXGroup section */

/* Begin PBXNativeTarget section */
		AC67CEFC1B8DC863001347ED /* KeMana */ = {
			isa = PBXNativeTarget;
			buildConfigurationList = AC67CF1F1B8DC864001347ED /* Build configuration list for PBXNativeTarget "KeMana" */;
			buildPhases = (
				DF9476610D2F3ABE5C9BB703 /* Check Pods Manifest.lock */,
				AC67CEF91B8DC863001347ED /* Sources */,
				AC67CEFA1B8DC863001347ED /* Frameworks */,
				AC67CEFB1B8DC863001347ED /* Resources */,
				69C11585C33D47EB3D1C2F2A /* Embed Pods Frameworks */,
				FC1FE29AF9EBDC097F62507F /* Copy Pods Resources */,
			);
			buildRules = (
			);
			dependencies = (
			);
			name = KeMana;
			productName = KeMana;
			productReference = AC67CEFD1B8DC863001347ED /* KeMana.app */;
			productType = "com.apple.product-type.application";
		};
		AC67CF141B8DC864001347ED /* KeManaTests */ = {
			isa = PBXNativeTarget;
			buildConfigurationList = AC67CF221B8DC864001347ED /* Build configuration list for PBXNativeTarget "KeManaTests" */;
			buildPhases = (
				AC67CF111B8DC864001347ED /* Sources */,
				AC67CF121B8DC864001347ED /* Frameworks */,
				AC67CF131B8DC864001347ED /* Resources */,
			);
			buildRules = (
			);
			dependencies = (
				AC67CF171B8DC864001347ED /* PBXTargetDependency */,
			);
			name = KeManaTests;
			productName = KeManaTests;
			productReference = AC67CF151B8DC864001347ED /* KeManaTests.xctest */;
			productType = "com.apple.product-type.bundle.unit-test";
		};
/* End PBXNativeTarget section */

/* Begin PBXProject section */
		AC67CEF51B8DC863001347ED /* Project object */ = {
			isa = PBXProject;
			attributes = {
				LastUpgradeCheck = 0640;
				ORGANIZATIONNAME = "陳冠宇";
				TargetAttributes = {
					AC67CEFC1B8DC863001347ED = {
						CreatedOnToolsVersion = 6.4;
					};
					AC67CF141B8DC864001347ED = {
						CreatedOnToolsVersion = 6.4;
						TestTargetID = AC67CEFC1B8DC863001347ED;
					};
				};
			};
			buildConfigurationList = AC67CEF81B8DC863001347ED /* Build configuration list for PBXProject "KeMana" */;
			compatibilityVersion = "Xcode 3.2";
			developmentRegion = English;
			hasScannedForEncodings = 0;
			knownRegions = (
				en,
				Base,
			);
			mainGroup = AC67CEF41B8DC863001347ED;
			productRefGroup = AC67CEFE1B8DC863001347ED /* Products */;
			projectDirPath = "";
			projectRoot = "";
			targets = (
				AC67CEFC1B8DC863001347ED /* KeMana */,
				AC67CF141B8DC864001347ED /* KeManaTests */,
			);
		};
/* End PBXProject section */

/* Begin PBXResourcesBuildPhase section */
		AC67CEFB1B8DC863001347ED /* Resources */ = {
			isa = PBXResourcesBuildPhase;
			buildActionMask = 2147483647;
			files = (
				AC67CF0B1B8DC864001347ED /* Main.storyboard in Resources */,
				AC67CF101B8DC864001347ED /* LaunchScreen.xib in Resources */,
				AC67CF0D1B8DC864001347ED /* Images.xcassets in Resources */,
			);
			runOnlyForDeploymentPostprocessing = 0;
		};
		AC67CF131B8DC864001347ED /* Resources */ = {
			isa = PBXResourcesBuildPhase;
			buildActionMask = 2147483647;
			files = (
			);
			runOnlyForDeploymentPostprocessing = 0;
		};
/* End PBXResourcesBuildPhase section */

/* Begin PBXShellScriptBuildPhase section */
		69C11585C33D47EB3D1C2F2A /* Embed Pods Frameworks */ = {
			isa = PBXShellScriptBuildPhase;
			buildActionMask = 2147483647;
			files = (
			);
			inputPaths = (
			);
			name = "Embed Pods Frameworks";
			outputPaths = (
			);
			runOnlyForDeploymentPostprocessing = 0;
			shellPath = /bin/sh;
			shellScript = "\"${SRCROOT}/Pods/Target Support Files/Pods-KeMana/Pods-KeMana-frameworks.sh\"\n";
			showEnvVarsInLog = 0;
		};
		DF9476610D2F3ABE5C9BB703 /* Check Pods Manifest.lock */ = {
			isa = PBXShellScriptBuildPhase;
			buildActionMask = 2147483647;
			files = (
			);
			inputPaths = (
			);
			name = "Check Pods Manifest.lock";
			outputPaths = (
			);
			runOnlyForDeploymentPostprocessing = 0;
			shellPath = /bin/sh;
			shellScript = "diff \"${PODS_ROOT}/../Podfile.lock\" \"${PODS_ROOT}/Manifest.lock\" > /dev/null\nif [[ $? != 0 ]] ; then\n    cat << EOM\nerror: The sandbox is not in sync with the Podfile.lock. Run 'pod install' or update your CocoaPods installation.\nEOM\n    exit 1\nfi\n";
			showEnvVarsInLog = 0;
		};
		FC1FE29AF9EBDC097F62507F /* Copy Pods Resources */ = {
			isa = PBXShellScriptBuildPhase;
			buildActionMask = 2147483647;
			files = (
			);
			inputPaths = (
			);
			name = "Copy Pods Resources";
			outputPaths = (
			);
			runOnlyForDeploymentPostprocessing = 0;
			shellPath = /bin/sh;
			shellScript = "\"${SRCROOT}/Pods/Target Support Files/Pods-KeMana/Pods-KeMana-resources.sh\"\n";
			showEnvVarsInLog = 0;
		};
/* End PBXShellScriptBuildPhase section */

/* Begin PBXSourcesBuildPhase section */
		AC67CEF91B8DC863001347ED /* Sources */ = {
			isa = PBXSourcesBuildPhase;
			buildActionMask = 2147483647;
			files = (
				AC3B93861B8E249800F75A6D /* NaviViewController.swift in Sources */,
				AC3B938A1B8E25A900F75A6D /* JSONMappable.swift in Sources */,
				AC67CF081B8DC864001347ED /* ViewController.swift in Sources */,
				AC3B93881B8E24A300F75A6D /* NaviResultViewController.swift in Sources */,
				AC67CF061B8DC864001347ED /* KeMana.xcdatamodeld in Sources */,
				AC67CF031B8DC863001347ED /* AppDelegate.swift in Sources */,
			);
			runOnlyForDeploymentPostprocessing = 0;
		};
		AC67CF111B8DC864001347ED /* Sources */ = {
			isa = PBXSourcesBuildPhase;
			buildActionMask = 2147483647;
			files = (
				AC67CF1C1B8DC864001347ED /* KeManaTests.swift in Sources */,
			);
			runOnlyForDeploymentPostprocessing = 0;
		};
/* End PBXSourcesBuildPhase section */

/* Begin PBXTargetDependency section */
		AC67CF171B8DC864001347ED /* PBXTargetDependency */ = {
			isa = PBXTargetDependency;
			target = AC67CEFC1B8DC863001347ED /* KeMana */;
			targetProxy = AC67CF161B8DC864001347ED /* PBXContainerItemProxy */;
		};
/* End PBXTargetDependency section */

/* Begin PBXVariantGroup section */
		AC67CF091B8DC864001347ED /* Main.storyboard */ = {
			isa = PBXVariantGroup;
			children = (
				AC67CF0A1B8DC864001347ED /* Base */,
			);
			name = Main.storyboard;
			sourceTree = "<group>";
		};
		AC67CF0E1B8DC864001347ED /* LaunchScreen.xib */ = {
			isa = PBXVariantGroup;
			children = (
				AC67CF0F1B8DC864001347ED /* Base */,
			);
			name = LaunchScreen.xib;
			sourceTree = "<group>";
		};
/* End PBXVariantGroup section */

/* Begin XCBuildConfiguration section */
		AC67CF1D1B8DC864001347ED /* Debug */ = {
			isa = XCBuildConfiguration;
			buildSettings = {
				ALWAYS_SEARCH_USER_PATHS = NO;
				CLANG_CXX_LANGUAGE_STANDARD = "gnu++0x";
				CLANG_CXX_LIBRARY = "libc++";
				CLANG_ENABLE_MODULES = YES;
				CLANG_ENABLE_OBJC_ARC = YES;
				CLANG_WARN_BOOL_CONVERSION = YES;
				CLANG_WARN_CONSTANT_CONVERSION = YES;
				CLANG_WARN_DIRECT_OBJC_ISA_USAGE = YES_ERROR;
				CLANG_WARN_EMPTY_BODY = YES;
				CLANG_WARN_ENUM_CONVERSION = YES;
				CLANG_WARN_INT_CONVERSION = YES;
				CLANG_WARN_OBJC_ROOT_CLASS = YES_ERROR;
				CLANG_WARN_UNREACHABLE_CODE = YES;
				CLANG_WARN__DUPLICATE_METHOD_MATCH = YES;
				"CODE_SIGN_IDENTITY[sdk=iphoneos*]" = "iPhone Developer";
				COPY_PHASE_STRIP = NO;
				DEBUG_INFORMATION_FORMAT = "dwarf-with-dsym";
				ENABLE_STRICT_OBJC_MSGSEND = YES;
				GCC_C_LANGUAGE_STANDARD = gnu99;
				GCC_DYNAMIC_NO_PIC = NO;
				GCC_NO_COMMON_BLOCKS = YES;
				GCC_OPTIMIZATION_LEVEL = 0;
				GCC_PREPROCESSOR_DEFINITIONS = (
					"DEBUG=1",
					"$(inherited)",
				);
				GCC_SYMBOLS_PRIVATE_EXTERN = NO;
				GCC_WARN_64_TO_32_BIT_CONVERSION = YES;
				GCC_WARN_ABOUT_RETURN_TYPE = YES_ERROR;
				GCC_WARN_UNDECLARED_SELECTOR = YES;
				GCC_WARN_UNINITIALIZED_AUTOS = YES_AGGRESSIVE;
				GCC_WARN_UNUSED_FUNCTION = YES;
				GCC_WARN_UNUSED_VARIABLE = YES;
				IPHONEOS_DEPLOYMENT_TARGET = 8.4;
				MTL_ENABLE_DEBUG_INFO = YES;
				ONLY_ACTIVE_ARCH = YES;
				SDKROOT = iphoneos;
				SWIFT_OPTIMIZATION_LEVEL = "-Onone";
				TARGETED_DEVICE_FAMILY = "1,2";
			};
			name = Debug;
		};
		AC67CF1E1B8DC864001347ED /* Release */ = {
			isa = XCBuildConfiguration;
			buildSettings = {
				ALWAYS_SEARCH_USER_PATHS = NO;
				CLANG_CXX_LANGUAGE_STANDARD = "gnu++0x";
				CLANG_CXX_LIBRARY = "libc++";
				CLANG_ENABLE_MODULES = YES;
				CLANG_ENABLE_OBJC_ARC = YES;
				CLANG_WARN_BOOL_CONVERSION = YES;
				CLANG_WARN_CONSTANT_CONVERSION = YES;
				CLANG_WARN_DIRECT_OBJC_ISA_USAGE = YES_ERROR;
				CLANG_WARN_EMPTY_BODY = YES;
				CLANG_WARN_ENUM_CONVERSION = YES;
				CLANG_WARN_INT_CONVERSION = YES;
				CLANG_WARN_OBJC_ROOT_CLASS = YES_ERROR;
				CLANG_WARN_UNREACHABLE_CODE = YES;
				CLANG_WARN__DUPLICATE_METHOD_MATCH = YES;
				"CODE_SIGN_IDENTITY[sdk=iphoneos*]" = "iPhone Developer";
				COPY_PHASE_STRIP = NO;
				DEBUG_INFORMATION_FORMAT = "dwarf-with-dsym";
				ENABLE_NS_ASSERTIONS = NO;
				ENABLE_STRICT_OBJC_MSGSEND = YES;
				GCC_C_LANGUAGE_STANDARD = gnu99;
				GCC_NO_COMMON_BLOCKS = YES;
				GCC_WARN_64_TO_32_BIT_CONVERSION = YES;
				GCC_WARN_ABOUT_RETURN_TYPE = YES_ERROR;
				GCC_WARN_UNDECLARED_SELECTOR = YES;
				GCC_WARN_UNINITIALIZED_AUTOS = YES_AGGRESSIVE;
				GCC_WARN_UNUSED_FUNCTION = YES;
				GCC_WARN_UNUSED_VARIABLE = YES;
				IPHONEOS_DEPLOYMENT_TARGET = 8.4;
				MTL_ENABLE_DEBUG_INFO = NO;
				SDKROOT = iphoneos;
				TARGETED_DEVICE_FAMILY = "1,2";
				VALIDATE_PRODUCT = YES;
			};
			name = Release;
		};
		AC67CF201B8DC864001347ED /* Debug */ = {
			isa = XCBuildConfiguration;
			baseConfigurationReference = 7A8E21B3EDD54B0C30F929E4 /* Pods-KeMana.debug.xcconfig */;
			buildSettings = {
				ASSETCATALOG_COMPILER_APPICON_NAME = AppIcon;
				INFOPLIST_FILE = KeMana/Info.plist;
				LD_RUNPATH_SEARCH_PATHS = "$(inherited) @executable_path/Frameworks";
				PRODUCT_NAME = "$(TARGET_NAME)";
			};
			name = Debug;
		};
		AC67CF211B8DC864001347ED /* Release */ = {
			isa = XCBuildConfiguration;
			baseConfigurationReference = 955DF0192547EE3B6FA61EA6 /* Pods-KeMana.release.xcconfig */;
			buildSettings = {
				ASSETCATALOG_COMPILER_APPICON_NAME = AppIcon;
				INFOPLIST_FILE = KeMana/Info.plist;
				LD_RUNPATH_SEARCH_PATHS = "$(inherited) @executable_path/Frameworks";
				PRODUCT_NAME = "$(TARGET_NAME)";
			};
			name = Release;
		};
		AC67CF231B8DC864001347ED /* Debug */ = {
			isa = XCBuildConfiguration;
			buildSettings = {
				BUNDLE_LOADER = "$(TEST_HOST)";
				FRAMEWORK_SEARCH_PATHS = (
					"$(SDKROOT)/Developer/Library/Frameworks",
					"$(inherited)",
				);
				GCC_PREPROCESSOR_DEFINITIONS = (
					"DEBUG=1",
					"$(inherited)",
				);
				INFOPLIST_FILE = KeManaTests/Info.plist;
				LD_RUNPATH_SEARCH_PATHS = "$(inherited) @executable_path/Frameworks @loader_path/Frameworks";
				PRODUCT_NAME = "$(TARGET_NAME)";
				TEST_HOST = "$(BUILT_PRODUCTS_DIR)/KeMana.app/KeMana";
			};
			name = Debug;
		};
		AC67CF241B8DC864001347ED /* Release */ = {
			isa = XCBuildConfiguration;
			buildSettings = {
				BUNDLE_LOADER = "$(TEST_HOST)";
				FRAMEWORK_SEARCH_PATHS = (
					"$(SDKROOT)/Developer/Library/Frameworks",
					"$(inherited)",
				);
				INFOPLIST_FILE = KeManaTests/Info.plist;
				LD_RUNPATH_SEARCH_PATHS = "$(inherited) @executable_path/Frameworks @loader_path/Frameworks";
				PRODUCT_NAME = "$(TARGET_NAME)";
				TEST_HOST = "$(BUILT_PRODUCTS_DIR)/KeMana.app/KeMana";
			};
			name = Release;
		};
/* End XCBuildConfiguration section */

/* Begin XCConfigurationList section */
		AC67CEF81B8DC863001347ED /* Build configuration list for PBXProject "KeMana" */ = {
			isa = XCConfigurationList;
			buildConfigurations = (
				AC67CF1D1B8DC864001347ED /* Debug */,
				AC67CF1E1B8DC864001347ED /* Release */,
			);
			defaultConfigurationIsVisible = 0;
			defaultConfigurationName = Release;
		};
		AC67CF1F1B8DC864001347ED /* Build configuration list for PBXNativeTarget "KeMana" */ = {
			isa = XCConfigurationList;
			buildConfigurations = (
				AC67CF201B8DC864001347ED /* Debug */,
				AC67CF211B8DC864001347ED /* Release */,
			);
			defaultConfigurationIsVisible = 0;
			defaultConfigurationName = Release;
		};
		AC67CF221B8DC864001347ED /* Build configuration list for PBXNativeTarget "KeManaTests" */ = {
			isa = XCConfigurationList;
			buildConfigurations = (
				AC67CF231B8DC864001347ED /* Debug */,
				AC67CF241B8DC864001347ED /* Release */,
			);
			defaultConfigurationIsVisible = 0;
			defaultConfigurationName = Release;
		};
/* End XCConfigurationList section */

/* Begin XCVersionGroup section */
		AC67CF041B8DC864001347ED /* KeMana.xcdatamodeld */ = {
			isa = XCVersionGroup;
			children = (
				AC67CF051B8DC864001347ED /* KeMana.xcdatamodel */,
			);
			currentVersion = AC67CF051B8DC864001347ED /* KeMana.xcdatamodel */;
			path = KeMana.xcdatamodeld;
			sourceTree = "<group>";
			versionGroupType = wrapper.xcdatamodel;
		};
/* End XCVersionGroup section */
	};
	rootObject = AC67CEF51B8DC863001347ED /* Project object */;
}
